
Microsoft Visual Studio Solution File, Format Version 12.00
# Visual Studio Version 17
VisualStudioVersion = 17.0.31903.59
MinimumVisualStudioVersion = 10.0.40219.1
Project("{2150E333-8FDC-42A3-9474-1A3956D46DE8}") = "extensions", "extensions", "{695C76EF-1102-4805-970F-7C995EE54930}"
EndProject
Project("{2150E333-8FDC-42A3-9474-1A3956D46DE8}") = "Bitwarden.Core", "Bitwarden.Core", "{5EC8B943-2E9E-437D-9FFC-D18B5DB4D7D0}"
EndProject
Project("{FAE04EC0-301F-11D3-BF4B-00C04F79EFBC}") = "Bitwarden.Core", "extensions\Bitwarden.Core\src\Bitwarden.Core.csproj", "{02EE0460-47F1-43A3-B352-1458B3E131F5}"
EndProject
Project("{2150E333-8FDC-42A3-9474-1A3956D46DE8}") = "Bitwarden.Extensions.Configuration", "Bitwarden.Extensions.Configuration", "{0008B44C-95E9-4A33-92EF-66741AC8AE47}"
EndProject
Project("{FAE04EC0-301F-11D3-BF4B-00C04F79EFBC}") = "Bitwarden.Extensions.Configuration", "extensions\Bitwarden.Extensions.Configuration\src\Bitwarden.Extensions.Configuration.csproj", "{A5B1A5A3-509F-46D4-A675-F0054BB4D5FF}"
EndProject
Project("{FAE04EC0-301F-11D3-BF4B-00C04F79EFBC}") = "Bitwarden.Core.Tests", "extensions\Bitwarden.Core\tests\Bitwarden.Core.Tests.csproj", "{052CFA9A-11A1-46AF-B890-62256746A7E2}"
EndProject
Project("{FAE04EC0-301F-11D3-BF4B-00C04F79EFBC}") = "Bitwarden.Extensions.Configuration.Tests", "extensions\Bitwarden.Extensions.Configuration\tests\Bitwarden.Extensions.Configuration.Tests.csproj", "{6158572C-9D17-4709-AC6B-D87EC838FFBA}"
EndProject
Project("{FAE04EC0-301F-11D3-BF4B-00C04F79EFBC}") = "Bitwarden.Core.Microbenchmarks", "extensions\Bitwarden.Core\perf\Bitwarden.Core.Microbenchmarks.csproj", "{6DBBD50B-4FA1-4043-A0F0-D4D4A5BBC1BD}"
EndProject
Project("{2150E333-8FDC-42A3-9474-1A3956D46DE8}") = "examples", "examples", "{C0631F08-D41D-4FCE-AE2B-2F4990254ACC}"
EndProject
Project("{FAE04EC0-301F-11D3-BF4B-00C04F79EFBC}") = "MinimalApi", "extensions\Bitwarden.Extensions.Configuration\examples\MinimalApi\MinimalApi.csproj", "{0C4EE450-B1FF-42F6-AE44-9E79493A47B5}"
EndProject
Project("{2150E333-8FDC-42A3-9474-1A3956D46DE8}") = "Bitwarden.Server.Sdk", "Bitwarden.Server.Sdk", "{82253883-A5E2-4917-A690-A744C3855FAB}"
EndProject
Project("{FAE04EC0-301F-11D3-BF4B-00C04F79EFBC}") = "Bitwarden.Server.Sdk", "extensions\Bitwarden.Server.Sdk\src\Bitwarden.Server.Sdk.csproj", "{482E0C0B-586D-41B7-AF90-35CD8B383084}"
EndProject
Project("{2150E333-8FDC-42A3-9474-1A3956D46DE8}") = "tests", "tests", "{384C7FC2-51CB-4723-B2EC-353833AB4354}"
EndProject
Project("{FAE04EC0-301F-11D3-BF4B-00C04F79EFBC}") = "Bitwarden.Server.Sdk.IntegrationTests", "extensions\Bitwarden.Server.Sdk\tests\Bitwarden.Server.Sdk.IntegrationTests\Bitwarden.Server.Sdk.IntegrationTests.csproj", "{C0601B8C-1A72-400F-8CCF-C5493221E555}"
EndProject
Project("{2150E333-8FDC-42A3-9474-1A3956D46DE8}") = "Bitwarden.Server.Sdk.Features", "Bitwarden.Server.Sdk.Features", "{026589E0-5AAA-44EB-B973-3CFFF5B54AFC}"
EndProject
Project("{FAE04EC0-301F-11D3-BF4B-00C04F79EFBC}") = "Bitwarden.Server.Sdk.Features", "extensions\Bitwarden.Server.Sdk.Features\src\Bitwarden.Server.Sdk.Features.csproj", "{DF914CD1-F916-4A58-B749-625DB67FAAA7}"
EndProject
Project("{2150E333-8FDC-42A3-9474-1A3956D46DE8}") = "tests", "tests", "{4949B721-5C7F-4D85-AB35-F57B54D7A6E6}"
EndProject
Project("{FAE04EC0-301F-11D3-BF4B-00C04F79EFBC}") = "Bitwarden.Server.Sdk.Features.Tests", "extensions\Bitwarden.Server.Sdk.Features\tests\Bitwarden.Server.Sdk.Features.Tests\Bitwarden.Server.Sdk.Features.Tests.csproj", "{1789F567-87B3-4313-80CF-E3CCFA1B6D5E}"
EndProject
Project("{2150E333-8FDC-42A3-9474-1A3956D46DE8}") = "Bitwarden.Server.Sdk.Authentication", "Bitwarden.Server.Sdk.Authentication", "{79CC5F16-EEB8-4539-AA15-FDC1E9AB03D1}"
EndProject
Project("{FAE04EC0-301F-11D3-BF4B-00C04F79EFBC}") = "Bitwarden.Server.Sdk.Authentication", "extensions\Bitwarden.Server.Sdk.Authentication\src\Bitwarden.Server.Sdk.Authentication.csproj", "{0E96965A-4397-46A8-8D84-330ACFF2F8CF}"
EndProject
Project("{2150E333-8FDC-42A3-9474-1A3956D46DE8}") = "tests", "tests", "{D623B9E7-6555-45AB-AAEC-EA388FACCE11}"
EndProject
Project("{FAE04EC0-301F-11D3-BF4B-00C04F79EFBC}") = "Bitwarden.Server.Sdk.Authentication.Tests", "extensions\Bitwarden.Server.Sdk.Authentication\tests\Bitwarden.Server.Sdk.Authentication.Tests\Bitwarden.Server.Sdk.Authentication.Tests.csproj", "{5AA835F4-F265-403F-897C-8989E354C052}"
EndProject
Project("{2150E333-8FDC-42A3-9474-1A3956D46DE8}") = "Bitwarden.Server.Sdk.Caching", "Bitwarden.Server.Sdk.Caching", "{2CB6FE39-9791-4AF5-BDD5-CB7825D9C8DC}"
EndProject
Project("{FAE04EC0-301F-11D3-BF4B-00C04F79EFBC}") = "Bitwarden.Server.Sdk.Caching", "extensions\Bitwarden.Server.Sdk.Caching\src\Bitwarden.Server.Sdk.Caching.csproj", "{304CE520-CA65-46DF-8028-A015A4D16A63}"
EndProject
Project("{2150E333-8FDC-42A3-9474-1A3956D46DE8}") = "tests", "tests", "{8A78FF9F-FCA5-4797-8141-998F56D0D051}"
EndProject
Project("{FAE04EC0-301F-11D3-BF4B-00C04F79EFBC}") = "Bitwarden.Server.Sdk.Caching.Tests", "extensions\Bitwarden.Server.Sdk.Caching\tests\Bitwarden.Server.Sdk.Caching.Tests\Bitwarden.Server.Sdk.Caching.Tests.csproj", "{3D6D6EB0-4378-4912-89D1-D41A8CCC744E}"
EndProject
Global
	GlobalSection(SolutionConfigurationPlatforms) = preSolution
		Debug|Any CPU = Debug|Any CPU
		Release|Any CPU = Release|Any CPU
	EndGlobalSection
	GlobalSection(SolutionProperties) = preSolution
		HideSolutionNode = FALSE
	EndGlobalSection
	GlobalSection(ProjectConfigurationPlatforms) = postSolution
		{02EE0460-47F1-43A3-B352-1458B3E131F5}.Debug|Any CPU.ActiveCfg = Debug|Any CPU
		{02EE0460-47F1-43A3-B352-1458B3E131F5}.Debug|Any CPU.Build.0 = Debug|Any CPU
		{02EE0460-47F1-43A3-B352-1458B3E131F5}.Release|Any CPU.ActiveCfg = Release|Any CPU
		{02EE0460-47F1-43A3-B352-1458B3E131F5}.Release|Any CPU.Build.0 = Release|Any CPU
		{A5B1A5A3-509F-46D4-A675-F0054BB4D5FF}.Debug|Any CPU.ActiveCfg = Debug|Any CPU
		{A5B1A5A3-509F-46D4-A675-F0054BB4D5FF}.Debug|Any CPU.Build.0 = Debug|Any CPU
		{A5B1A5A3-509F-46D4-A675-F0054BB4D5FF}.Release|Any CPU.ActiveCfg = Release|Any CPU
		{A5B1A5A3-509F-46D4-A675-F0054BB4D5FF}.Release|Any CPU.Build.0 = Release|Any CPU
		{052CFA9A-11A1-46AF-B890-62256746A7E2}.Debug|Any CPU.ActiveCfg = Debug|Any CPU
		{052CFA9A-11A1-46AF-B890-62256746A7E2}.Debug|Any CPU.Build.0 = Debug|Any CPU
		{052CFA9A-11A1-46AF-B890-62256746A7E2}.Release|Any CPU.ActiveCfg = Release|Any CPU
		{052CFA9A-11A1-46AF-B890-62256746A7E2}.Release|Any CPU.Build.0 = Release|Any CPU
		{6158572C-9D17-4709-AC6B-D87EC838FFBA}.Debug|Any CPU.ActiveCfg = Debug|Any CPU
		{6158572C-9D17-4709-AC6B-D87EC838FFBA}.Debug|Any CPU.Build.0 = Debug|Any CPU
		{6158572C-9D17-4709-AC6B-D87EC838FFBA}.Release|Any CPU.ActiveCfg = Release|Any CPU
		{6158572C-9D17-4709-AC6B-D87EC838FFBA}.Release|Any CPU.Build.0 = Release|Any CPU
		{6DBBD50B-4FA1-4043-A0F0-D4D4A5BBC1BD}.Debug|Any CPU.ActiveCfg = Debug|Any CPU
		{6DBBD50B-4FA1-4043-A0F0-D4D4A5BBC1BD}.Debug|Any CPU.Build.0 = Debug|Any CPU
		{6DBBD50B-4FA1-4043-A0F0-D4D4A5BBC1BD}.Release|Any CPU.ActiveCfg = Release|Any CPU
		{6DBBD50B-4FA1-4043-A0F0-D4D4A5BBC1BD}.Release|Any CPU.Build.0 = Release|Any CPU
		{0C4EE450-B1FF-42F6-AE44-9E79493A47B5}.Debug|Any CPU.ActiveCfg = Debug|Any CPU
		{0C4EE450-B1FF-42F6-AE44-9E79493A47B5}.Debug|Any CPU.Build.0 = Debug|Any CPU
		{0C4EE450-B1FF-42F6-AE44-9E79493A47B5}.Release|Any CPU.ActiveCfg = Release|Any CPU
		{0C4EE450-B1FF-42F6-AE44-9E79493A47B5}.Release|Any CPU.Build.0 = Release|Any CPU
		{482E0C0B-586D-41B7-AF90-35CD8B383084}.Debug|Any CPU.ActiveCfg = Debug|Any CPU
		{482E0C0B-586D-41B7-AF90-35CD8B383084}.Debug|Any CPU.Build.0 = Debug|Any CPU
		{482E0C0B-586D-41B7-AF90-35CD8B383084}.Release|Any CPU.ActiveCfg = Release|Any CPU
		{482E0C0B-586D-41B7-AF90-35CD8B383084}.Release|Any CPU.Build.0 = Release|Any CPU
		{C0601B8C-1A72-400F-8CCF-C5493221E555}.Debug|Any CPU.ActiveCfg = Debug|Any CPU
		{C0601B8C-1A72-400F-8CCF-C5493221E555}.Debug|Any CPU.Build.0 = Debug|Any CPU
		{C0601B8C-1A72-400F-8CCF-C5493221E555}.Release|Any CPU.ActiveCfg = Release|Any CPU
		{C0601B8C-1A72-400F-8CCF-C5493221E555}.Release|Any CPU.Build.0 = Release|Any CPU
		{DF914CD1-F916-4A58-B749-625DB67FAAA7}.Debug|Any CPU.ActiveCfg = Debug|Any CPU
		{DF914CD1-F916-4A58-B749-625DB67FAAA7}.Debug|Any CPU.Build.0 = Debug|Any CPU
		{DF914CD1-F916-4A58-B749-625DB67FAAA7}.Release|Any CPU.ActiveCfg = Release|Any CPU
		{DF914CD1-F916-4A58-B749-625DB67FAAA7}.Release|Any CPU.Build.0 = Release|Any CPU
		{1789F567-87B3-4313-80CF-E3CCFA1B6D5E}.Debug|Any CPU.ActiveCfg = Debug|Any CPU
		{1789F567-87B3-4313-80CF-E3CCFA1B6D5E}.Debug|Any CPU.Build.0 = Debug|Any CPU
		{1789F567-87B3-4313-80CF-E3CCFA1B6D5E}.Release|Any CPU.ActiveCfg = Release|Any CPU
		{1789F567-87B3-4313-80CF-E3CCFA1B6D5E}.Release|Any CPU.Build.0 = Release|Any CPU
		{0E96965A-4397-46A8-8D84-330ACFF2F8CF}.Debug|Any CPU.ActiveCfg = Debug|Any CPU
		{0E96965A-4397-46A8-8D84-330ACFF2F8CF}.Debug|Any CPU.Build.0 = Debug|Any CPU
		{0E96965A-4397-46A8-8D84-330ACFF2F8CF}.Release|Any CPU.ActiveCfg = Release|Any CPU
		{0E96965A-4397-46A8-8D84-330ACFF2F8CF}.Release|Any CPU.Build.0 = Release|Any CPU
		{5AA835F4-F265-403F-897C-8989E354C052}.Debug|Any CPU.ActiveCfg = Debug|Any CPU
		{5AA835F4-F265-403F-897C-8989E354C052}.Debug|Any CPU.Build.0 = Debug|Any CPU
		{5AA835F4-F265-403F-897C-8989E354C052}.Release|Any CPU.ActiveCfg = Release|Any CPU
		{5AA835F4-F265-403F-897C-8989E354C052}.Release|Any CPU.Build.0 = Release|Any CPU
		{304CE520-CA65-46DF-8028-A015A4D16A63}.Debug|Any CPU.ActiveCfg = Debug|Any CPU
		{304CE520-CA65-46DF-8028-A015A4D16A63}.Debug|Any CPU.Build.0 = Debug|Any CPU
		{304CE520-CA65-46DF-8028-A015A4D16A63}.Release|Any CPU.ActiveCfg = Release|Any CPU
		{304CE520-CA65-46DF-8028-A015A4D16A63}.Release|Any CPU.Build.0 = Release|Any CPU
		{3D6D6EB0-4378-4912-89D1-D41A8CCC744E}.Debug|Any CPU.ActiveCfg = Debug|Any CPU
		{3D6D6EB0-4378-4912-89D1-D41A8CCC744E}.Debug|Any CPU.Build.0 = Debug|Any CPU
		{3D6D6EB0-4378-4912-89D1-D41A8CCC744E}.Release|Any CPU.ActiveCfg = Release|Any CPU
		{3D6D6EB0-4378-4912-89D1-D41A8CCC744E}.Release|Any CPU.Build.0 = Release|Any CPU
	EndGlobalSection
	GlobalSection(NestedProjects) = preSolution
		{5EC8B943-2E9E-437D-9FFC-D18B5DB4D7D0} = {695C76EF-1102-4805-970F-7C995EE54930}
		{02EE0460-47F1-43A3-B352-1458B3E131F5} = {5EC8B943-2E9E-437D-9FFC-D18B5DB4D7D0}
		{0008B44C-95E9-4A33-92EF-66741AC8AE47} = {695C76EF-1102-4805-970F-7C995EE54930}
		{A5B1A5A3-509F-46D4-A675-F0054BB4D5FF} = {0008B44C-95E9-4A33-92EF-66741AC8AE47}
		{052CFA9A-11A1-46AF-B890-62256746A7E2} = {5EC8B943-2E9E-437D-9FFC-D18B5DB4D7D0}
		{6158572C-9D17-4709-AC6B-D87EC838FFBA} = {0008B44C-95E9-4A33-92EF-66741AC8AE47}
		{6DBBD50B-4FA1-4043-A0F0-D4D4A5BBC1BD} = {5EC8B943-2E9E-437D-9FFC-D18B5DB4D7D0}
		{C0631F08-D41D-4FCE-AE2B-2F4990254ACC} = {0008B44C-95E9-4A33-92EF-66741AC8AE47}
		{0C4EE450-B1FF-42F6-AE44-9E79493A47B5} = {C0631F08-D41D-4FCE-AE2B-2F4990254ACC}
		{82253883-A5E2-4917-A690-A744C3855FAB} = {695C76EF-1102-4805-970F-7C995EE54930}
		{482E0C0B-586D-41B7-AF90-35CD8B383084} = {82253883-A5E2-4917-A690-A744C3855FAB}
		{384C7FC2-51CB-4723-B2EC-353833AB4354} = {82253883-A5E2-4917-A690-A744C3855FAB}
		{C0601B8C-1A72-400F-8CCF-C5493221E555} = {384C7FC2-51CB-4723-B2EC-353833AB4354}
		{026589E0-5AAA-44EB-B973-3CFFF5B54AFC} = {695C76EF-1102-4805-970F-7C995EE54930}
		{DF914CD1-F916-4A58-B749-625DB67FAAA7} = {026589E0-5AAA-44EB-B973-3CFFF5B54AFC}
		{4949B721-5C7F-4D85-AB35-F57B54D7A6E6} = {026589E0-5AAA-44EB-B973-3CFFF5B54AFC}
		{1789F567-87B3-4313-80CF-E3CCFA1B6D5E} = {4949B721-5C7F-4D85-AB35-F57B54D7A6E6}
		{79CC5F16-EEB8-4539-AA15-FDC1E9AB03D1} = {695C76EF-1102-4805-970F-7C995EE54930}
		{0E96965A-4397-46A8-8D84-330ACFF2F8CF} = {79CC5F16-EEB8-4539-AA15-FDC1E9AB03D1}
		{D623B9E7-6555-45AB-AAEC-EA388FACCE11} = {79CC5F16-EEB8-4539-AA15-FDC1E9AB03D1}
		{5AA835F4-F265-403F-897C-8989E354C052} = {D623B9E7-6555-45AB-AAEC-EA388FACCE11}
		{2CB6FE39-9791-4AF5-BDD5-CB7825D9C8DC} = {695C76EF-1102-4805-970F-7C995EE54930}
		{304CE520-CA65-46DF-8028-A015A4D16A63} = {2CB6FE39-9791-4AF5-BDD5-CB7825D9C8DC}
		{8A78FF9F-FCA5-4797-8141-998F56D0D051} = {2CB6FE39-9791-4AF5-BDD5-CB7825D9C8DC}
		{3D6D6EB0-4378-4912-89D1-D41A8CCC744E} = {8A78FF9F-FCA5-4797-8141-998F56D0D051}
	EndGlobalSection
EndGlobal
