
Microsoft Visual Studio Solution File, Format Version 12.00
# Visual Studio Version 17
VisualStudioVersion = 17.0.31903.59
MinimumVisualStudioVersion = 10.0.40219.1
Project("{2150E333-8FDC-42A3-9474-1A3956D46DE8}") = "extensions", "extensions", "{695C76EF-1102-4805-970F-7C995EE54930}"
EndProject
Project("{2150E333-8FDC-42A3-9474-1A3956D46DE8}") = "Bitwarden.Core", "Bitwarden.Core", "{5EC8B943-2E9E-437D-9FFC-D18B5DB4D7D0}"
EndProject
Project("{FAE04EC0-301F-11D3-BF4B-00C04F79EFBC}") = "Bitwarden.Core", "extensions\Bitwarden.Core\src\Bitwarden.Core.csproj", "{02EE0460-47F1-43A3-B352-1458B3E131F5}"
EndProject
Project("{2150E333-8FDC-42A3-9474-1A3956D46DE8}") = "Bitwarden.Extensions.Configuration", "Bitwarden.Extensions.Configuration", "{0008B44C-95E9-4A33-92EF-66741AC8AE47}"
EndProject
Project("{FAE04EC0-301F-11D3-BF4B-00C04F79EFBC}") = "Bitwarden.Extensions.Configuration", "extensions\Bitwarden.Extensions.Configuration\src\Bitwarden.Extensions.Configuration.csproj", "{A5B1A5A3-509F-46D4-A675-F0054BB4D5FF}"
EndProject
Project("{FAE04EC0-301F-11D3-BF4B-00C04F79EFBC}") = "Bitwarden.Core.Tests", "extensions\Bitwarden.Core\tests\Bitwarden.Core.Tests.csproj", "{052CFA9A-11A1-46AF-B890-62256746A7E2}"
EndProject
Project("{FAE04EC0-301F-11D3-BF4B-00C04F79EFBC}") = "Bitwarden.Extensions.Configuration.Tests", "extensions\Bitwarden.Extensions.Configuration\tests\Bitwarden.Extensions.Configuration.Tests.csproj", "{6158572C-9D17-4709-AC6B-D87EC838FFBA}"
EndProject
Project("{2150E333-8FDC-42A3-9474-1A3956D46DE8}") = "examples", "examples", "{8308DD08-D336-4A13-ACD1-4FA367C3C2D4}"
EndProject
Project("{FAE04EC0-301F-11D3-BF4B-00C04F79EFBC}") = "MinimalApis", "extensions\Bitwarden.Extensions.Configuration\examples\MinimalApis\MinimalApis.csproj", "{1BD7DE1A-F62C-4E6F-8BC5-6574E2C2E258}"
EndProject
Project("{FAE04EC0-301F-11D3-BF4B-00C04F79EFBC}") = "Bitwarden.Core.Microbenchmarks", "extensions\Bitwarden.Core\perf\Bitwarden.Core.Microbenchmarks.csproj", "{6DBBD50B-4FA1-4043-A0F0-D4D4A5BBC1BD}"
EndProject
Project("{FAE04EC0-301F-11D3-BF4B-00C04F79EFBC}") = "Bitwarden.Extensions.Hosting", "extensions\Bitwarden.Extensions.Hosting\src\Bitwarden.Extensions.Hosting.csproj", "{F5B1A2C7-2B1D-4164-9A8E-41FD9E0FF6F0}"
EndProject
Project("{FAE04EC0-301F-11D3-BF4B-00C04F79EFBC}") = "Bitwarden.Extensions.WebHosting", "extensions\Bitwarden.Extensions.WebHosting\src\Bitwarden.Extensions.WebHosting.csproj", "{C076410E-E0AD-431B-81E0-D32E03303C4A}"
EndProject
Project("{2150E333-8FDC-42A3-9474-1A3956D46DE8}") = "Bitwarden.Extensions.Hosting", "Bitwarden.Extensions.Hosting", "{A1C893A6-887B-44FE-9DA3-B85E6ACADC55}"
EndProject
Project("{2150E333-8FDC-42A3-9474-1A3956D46DE8}") = "Bitwarden.Extensions.WebHosting", "Bitwarden.Extensions.WebHosting", "{321B8585-227A-4F9F-914F-190B4F586320}"
EndProject
Global
	GlobalSection(SolutionConfigurationPlatforms) = preSolution
		Debug|Any CPU = Debug|Any CPU
		Release|Any CPU = Release|Any CPU
	EndGlobalSection
	GlobalSection(SolutionProperties) = preSolution
		HideSolutionNode = FALSE
	EndGlobalSection
	GlobalSection(ProjectConfigurationPlatforms) = postSolution
		{02EE0460-47F1-43A3-B352-1458B3E131F5}.Debug|Any CPU.ActiveCfg = Debug|Any CPU
		{02EE0460-47F1-43A3-B352-1458B3E131F5}.Debug|Any CPU.Build.0 = Debug|Any CPU
		{02EE0460-47F1-43A3-B352-1458B3E131F5}.Release|Any CPU.ActiveCfg = Release|Any CPU
		{02EE0460-47F1-43A3-B352-1458B3E131F5}.Release|Any CPU.Build.0 = Release|Any CPU
		{A5B1A5A3-509F-46D4-A675-F0054BB4D5FF}.Debug|Any CPU.ActiveCfg = Debug|Any CPU
		{A5B1A5A3-509F-46D4-A675-F0054BB4D5FF}.Debug|Any CPU.Build.0 = Debug|Any CPU
		{A5B1A5A3-509F-46D4-A675-F0054BB4D5FF}.Release|Any CPU.ActiveCfg = Release|Any CPU
		{A5B1A5A3-509F-46D4-A675-F0054BB4D5FF}.Release|Any CPU.Build.0 = Release|Any CPU
		{052CFA9A-11A1-46AF-B890-62256746A7E2}.Debug|Any CPU.ActiveCfg = Debug|Any CPU
		{052CFA9A-11A1-46AF-B890-62256746A7E2}.Debug|Any CPU.Build.0 = Debug|Any CPU
		{052CFA9A-11A1-46AF-B890-62256746A7E2}.Release|Any CPU.ActiveCfg = Release|Any CPU
		{052CFA9A-11A1-46AF-B890-62256746A7E2}.Release|Any CPU.Build.0 = Release|Any CPU
		{6158572C-9D17-4709-AC6B-D87EC838FFBA}.Debug|Any CPU.ActiveCfg = Debug|Any CPU
		{6158572C-9D17-4709-AC6B-D87EC838FFBA}.Debug|Any CPU.Build.0 = Debug|Any CPU
		{6158572C-9D17-4709-AC6B-D87EC838FFBA}.Release|Any CPU.ActiveCfg = Release|Any CPU
		{6158572C-9D17-4709-AC6B-D87EC838FFBA}.Release|Any CPU.Build.0 = Release|Any CPU
		{1BD7DE1A-F62C-4E6F-8BC5-6574E2C2E258}.Debug|Any CPU.ActiveCfg = Debug|Any CPU
		{1BD7DE1A-F62C-4E6F-8BC5-6574E2C2E258}.Debug|Any CPU.Build.0 = Debug|Any CPU
		{1BD7DE1A-F62C-4E6F-8BC5-6574E2C2E258}.Release|Any CPU.ActiveCfg = Release|Any CPU
		{1BD7DE1A-F62C-4E6F-8BC5-6574E2C2E258}.Release|Any CPU.Build.0 = Release|Any CPU
		{6DBBD50B-4FA1-4043-A0F0-D4D4A5BBC1BD}.Debug|Any CPU.ActiveCfg = Debug|Any CPU
		{6DBBD50B-4FA1-4043-A0F0-D4D4A5BBC1BD}.Debug|Any CPU.Build.0 = Debug|Any CPU
		{6DBBD50B-4FA1-4043-A0F0-D4D4A5BBC1BD}.Release|Any CPU.ActiveCfg = Release|Any CPU
		{6DBBD50B-4FA1-4043-A0F0-D4D4A5BBC1BD}.Release|Any CPU.Build.0 = Release|Any CPU
		{F5B1A2C7-2B1D-4164-9A8E-41FD9E0FF6F0}.Debug|Any CPU.ActiveCfg = Debug|Any CPU
		{F5B1A2C7-2B1D-4164-9A8E-41FD9E0FF6F0}.Debug|Any CPU.Build.0 = Debug|Any CPU
		{F5B1A2C7-2B1D-4164-9A8E-41FD9E0FF6F0}.Release|Any CPU.ActiveCfg = Release|Any CPU
		{F5B1A2C7-2B1D-4164-9A8E-41FD9E0FF6F0}.Release|Any CPU.Build.0 = Release|Any CPU
		{C076410E-E0AD-431B-81E0-D32E03303C4A}.Debug|Any CPU.ActiveCfg = Debug|Any CPU
		{C076410E-E0AD-431B-81E0-D32E03303C4A}.Debug|Any CPU.Build.0 = Debug|Any CPU
		{C076410E-E0AD-431B-81E0-D32E03303C4A}.Release|Any CPU.ActiveCfg = Release|Any CPU
		{C076410E-E0AD-431B-81E0-D32E03303C4A}.Release|Any CPU.Build.0 = Release|Any CPU
	EndGlobalSection
	GlobalSection(NestedProjects) = preSolution
		{5EC8B943-2E9E-437D-9FFC-D18B5DB4D7D0} = {695C76EF-1102-4805-970F-7C995EE54930}
		{02EE0460-47F1-43A3-B352-1458B3E131F5} = {5EC8B943-2E9E-437D-9FFC-D18B5DB4D7D0}
		{0008B44C-95E9-4A33-92EF-66741AC8AE47} = {695C76EF-1102-4805-970F-7C995EE54930}
		{A5B1A5A3-509F-46D4-A675-F0054BB4D5FF} = {0008B44C-95E9-4A33-92EF-66741AC8AE47}
		{052CFA9A-11A1-46AF-B890-62256746A7E2} = {5EC8B943-2E9E-437D-9FFC-D18B5DB4D7D0}
		{6158572C-9D17-4709-AC6B-D87EC838FFBA} = {0008B44C-95E9-4A33-92EF-66741AC8AE47}
		{8308DD08-D336-4A13-ACD1-4FA367C3C2D4} = {0008B44C-95E9-4A33-92EF-66741AC8AE47}
		{1BD7DE1A-F62C-4E6F-8BC5-6574E2C2E258} = {8308DD08-D336-4A13-ACD1-4FA367C3C2D4}
		{6DBBD50B-4FA1-4043-A0F0-D4D4A5BBC1BD} = {5EC8B943-2E9E-437D-9FFC-D18B5DB4D7D0}
		{A1C893A6-887B-44FE-9DA3-B85E6ACADC55} = {695C76EF-1102-4805-970F-7C995EE54930}
		{F5B1A2C7-2B1D-4164-9A8E-41FD9E0FF6F0} = {A1C893A6-887B-44FE-9DA3-B85E6ACADC55}
		{321B8585-227A-4F9F-914F-190B4F586320} = {695C76EF-1102-4805-970F-7C995EE54930}
		{C076410E-E0AD-431B-81E0-D32E03303C4A} = {321B8585-227A-4F9F-914F-190B4F586320}
	EndGlobalSection
EndGlobal
