{
  "version": 1,
  "dependencies": {
    "net8.0": {
      "Microsoft.NET.ILLink.Tasks": {
        "type": "Direct",
        "requested": "[8.0.29, )",
        "resolved": "8.0.29",
        "contentHash": "So7cyQ1DqVWswW05BrxkC6dRpyz6bFtGFL1PqGtDQ+R+KXaYkXBM1nchq3FpUdxfvNnFtCnpP2Jz0HByIgLbzw=="
      }
    }
  }
}