{
  "version": 1,
  "dependencies": {
    "net8.0": {
      "Microsoft.NET.ILLink.Tasks": {
        "type": "Direct",
        "requested": "[8.0.27, )",
        "resolved": "8.0.27",
        "contentHash": "WndxmklJY4EjecTSMbfO+oAdO2nHLGUoVSlb+Lv853sNxQnwxDDl2Ff+G04S6jT2AfqsCh6WX3b56ewOwVKRyQ=="
      }
    }
  }
}