{
  "version": 1,
  "dependencies": {
    "net8.0": {
      "Microsoft.NET.ILLink.Tasks": {
        "type": "Direct",
        "requested": "[8.0.27, )",
        "resolved": "8.0.27",
        "contentHash": "rQi9TxifHRnXP7lVRZH05DxD2/XGbJp12q0ozcbrlBlBnyyzssFTH/2vLhtKWUp2CT1qVscTrcYTFiwTyKPKRg=="
      }
    }
  }
}